
Microsoft Visual Studio Solution File, Format Version 12.00
# Visual Studio Version 17
VisualStudioVersion = 17.0.31903.59
MinimumVisualStudioVersion = 10.0.40219.1
Project("{9A19103F-16F7-4668-BE54-9A1E7A4F7556}") = "EntitiesRelations.API", "EntitiesRelations.API\EntitiesRelations.API.csproj", "{FA2F0C0F-B69C-4970-AFB2-F721921AAF5D}"
EndProject
Project("{FAE04EC0-301F-11D3-BF4B-00C04F79EFBC}") = "EntitiesRelationsUnitTests", "EntitiesRelationsUnitTests\EntitiesRelationsUnitTests.csproj", "{321D2C2B-854F-4490-B77F-56BD0F841932}"
EndProject
Global
	GlobalSection(SolutionConfigurationPlatforms) = preSolution
		Debug|Any CPU = Debug|Any CPU
		Release|Any CPU = Release|Any CPU
	EndGlobalSection
	GlobalSection(ProjectConfigurationPlatforms) = postSolution
		{FA2F0C0F-B69C-4970-AFB2-F721921AAF5D}.Debug|Any CPU.ActiveCfg = Debug|Any CPU
		{FA2F0C0F-B69C-4970-AFB2-F721921AAF5D}.Debug|Any CPU.Build.0 = Debug|Any CPU
		{FA2F0C0F-B69C-4970-AFB2-F721921AAF5D}.Release|Any CPU.ActiveCfg = Release|Any CPU
		{FA2F0C0F-B69C-4970-AFB2-F721921AAF5D}.Release|Any CPU.Build.0 = Release|Any CPU
		{321D2C2B-854F-4490-B77F-56BD0F841932}.Debug|Any CPU.ActiveCfg = Debug|Any CPU
		{321D2C2B-854F-4490-B77F-56BD0F841932}.Debug|Any CPU.Build.0 = Debug|Any CPU
		{321D2C2B-854F-4490-B77F-56BD0F841932}.Release|Any CPU.ActiveCfg = Release|Any CPU
		{321D2C2B-854F-4490-B77F-56BD0F841932}.Release|Any CPU.Build.0 = Release|Any CPU
	EndGlobalSection
	GlobalSection(SolutionProperties) = preSolution
		HideSolutionNode = FALSE
	EndGlobalSection
	GlobalSection(ExtensibilityGlobals) = postSolution
		SolutionGuid = {9BDC8957-C6DB-4AA2-925C-59924B5F1DA3}
	EndGlobalSection
EndGlobal
